Microsoft Visual Studio Solution File, Format Version 12.00
# Visual Studio Version 17
VisualStudioVersion = 17.5.2.0
MinimumVisualStudioVersion = 10.0.40219.1
Project("{FAE04EC0-301F-11D3-BF4B-00C04F79EFBC}") = "employee-webapp", "employee-webapp.csproj", "{907CB64B-CC63-3FA3-BE53-8C766B5BDAED}"
EndProject
Global
	GlobalSection(SolutionConfigurationPlatforms) = preSolution
		Debug|Any CPU = Debug|Any CPU
		Release|Any CPU = Release|Any CPU
	EndGlobalSection
	GlobalSection(ProjectConfigurationPlatforms) = postSolution
		{907CB64B-CC63-3FA3-BE53-8C766B5BDAED}.Debug|Any CPU.ActiveCfg = Debug|Any CPU
		{907CB64B-CC63-3FA3-BE53-8C766B5BDAED}.Debug|Any CPU.Build.0 = Debug|Any CPU
		{907CB64B-CC63-3FA3-BE53-8C766B5BDAED}.Release|Any CPU.ActiveCfg = Release|Any CPU
		{907CB64B-CC63-3FA3-BE53-8C766B5BDAED}.Release|Any CPU.Build.0 = Release|Any CPU
	EndGlobalSection
	GlobalSection(SolutionProperties) = preSolution
		HideSolutionNode = FALSE
	EndGlobalSection
	GlobalSection(ExtensibilityGlobals) = postSolution
		SolutionGuid = {DE6CB719-6BB1-4959-95DB-9BEA68C5CB30}
	EndGlobalSection
EndGlobal
